
Microsoft Visual Studio Solution File, Format Version 12.00
# Visual Studio Version 17
VisualStudioVersion = 17.8.34330.188
MinimumVisualStudioVersion = 10.0.40219.1
Project("{FAE04EC0-301F-11D3-BF4B-00C04F79EFBC}") = "TNTPlus", "TNTPlus.csproj", "{F18DDBD7-F1B0-47EC-A53A-007B0796D1FB}"
EndProject
Global
	GlobalSection(SolutionConfigurationPlatforms) = preSolution
		Debug|Any CPU = Debug|Any CPU
		Release|Any CPU = Release|Any CPU
	EndGlobalSection
	GlobalSection(ProjectConfigurationPlatforms) = postSolution
		{F18DDBD7-F1B0-47EC-A53A-007B0796D1FB}.Debug|Any CPU.ActiveCfg = Debug|Any CPU
		{F18DDBD7-F1B0-47EC-A53A-007B0796D1FB}.Debug|Any CPU.Build.0 = Debug|Any CPU
		{F18DDBD7-F1B0-47EC-A53A-007B0796D1FB}.Release|Any CPU.ActiveCfg = Release|Any CPU
		{F18DDBD7-F1B0-47EC-A53A-007B0796D1FB}.Release|Any CPU.Build.0 = Release|Any CPU
	EndGlobalSection
	GlobalSection(SolutionProperties) = preSolution
		HideSolutionNode = FALSE
	EndGlobalSection
	GlobalSection(ExtensibilityGlobals) = postSolution
		SolutionGuid = {18D628A5-521E-48EF-891E-904693F21886}
	EndGlobalSection
EndGlobal
